// !$*UTF8*$!
{
	archiveVersion = 1;
	classes = {
	};
	objectVersion = 56;
	objects = {

/* Begin PBXBuildFile section */
		EF45BE3D29DC460B0083A2F8 /* IMDBFilmDetailViewController.swift in Sources */ = {isa = PBXBuildFile; fileRef = EF45BE3C29DC460B0083A2F8 /* IMDBFilmDetailViewController.swift */; };
		EF45BE3F29DC465B0083A2F8 /* IMDBFilmDetailView.swift in Sources */ = {isa = PBXBuildFile; fileRef = EF45BE3E29DC465B0083A2F8 /* IMDBFilmDetailView.swift */; };
		EF45BE4129DC466B0083A2F8 /* IMDBFilmDetailViewViewModel.swift in Sources */ = {isa = PBXBuildFile; fileRef = EF45BE4029DC466B0083A2F8 /* IMDBFilmDetailViewViewModel.swift */; };
		EFE065CB29D8ABEB0096BB2D /* AppDelegate.swift in Sources */ = {isa = PBXBuildFile; fileRef = EFE065CA29D8ABEB0096BB2D /* AppDelegate.swift */; };
		EFE065CD29D8ABEB0096BB2D /* SceneDelegate.swift in Sources */ = {isa = PBXBuildFile; fileRef = EFE065CC29D8ABEB0096BB2D /* SceneDelegate.swift */; };
		EFE065CF29D8ABEB0096BB2D /* IMDBFilmListView.swift in Sources */ = {isa = PBXBuildFile; fileRef = EFE065CE29D8ABEB0096BB2D /* IMDBFilmListView.swift */; };
		EFE065D429D8ABED0096BB2D /* Assets.xcassets in Resources */ = {isa = PBXBuildFile; fileRef = EFE065D329D8ABED0096BB2D /* Assets.xcassets */; };
		EFE065D729D8ABED0096BB2D /* LaunchScreen.storyboard in Resources */ = {isa = PBXBuildFile; fileRef = EFE065D529D8ABED0096BB2D /* LaunchScreen.storyboard */; };
		EFE065E329D8C4130096BB2D /* IMDBRequest.swift in Sources */ = {isa = PBXBuildFile; fileRef = EFE065E229D8C4130096BB2D /* IMDBRequest.swift */; };
		EFE065E529D8C6130096BB2D /* IMDBFilmModel.swift in Sources */ = {isa = PBXBuildFile; fileRef = EFE065E429D8C6130096BB2D /* IMDBFilmModel.swift */; };
		EFE065E929D8ECCF0096BB2D /* Constant.swift in Sources */ = {isa = PBXBuildFile; fileRef = EFE065E829D8ECCF0096BB2D /* Constant.swift */; };
		EFE065EB29D8ECD80096BB2D /* ServiceConstant.swift in Sources */ = {isa = PBXBuildFile; fileRef = EFE065EA29D8ECD80096BB2D /* ServiceConstant.swift */; };
		EFE065F429D900AB0096BB2D /* IMDBFilmListViewViewModel.swift in Sources */ = {isa = PBXBuildFile; fileRef = EFE065F329D900AB0096BB2D /* IMDBFilmListViewViewModel.swift */; };
		EFE065F729D900EA0096BB2D /* SnapKit in Frameworks */ = {isa = PBXBuildFile; productRef = EFE065F629D900EA0096BB2D /* SnapKit */; };
		EFE065FA29D901AC0096BB2D /* Kingfisher in Frameworks */ = {isa = PBXBuildFile; productRef = EFE065F929D901AC0096BB2D /* Kingfisher */; };
		EFE065FE29D9C1CC0096BB2D /* UIView+Extension.swift in Sources */ = {isa = PBXBuildFile; fileRef = EFE065FD29D9C1CC0096BB2D /* UIView+Extension.swift */; };
		EFE0660129D9C5A20096BB2D /* IMDBFilmListViewController.swift in Sources */ = {isa = PBXBuildFile; fileRef = EFE0660029D9C5A20096BB2D /* IMDBFilmListViewController.swift */; };
		EFE0660329D9C9B10096BB2D /* IMDBFilmCollectionViewCell.swift in Sources */ = {isa = PBXBuildFile; fileRef = EFE0660229D9C9B10096BB2D /* IMDBFilmCollectionViewCell.swift */; };
		EFE0660529D9CEB90096BB2D /* IMDBFilmCollectionViewCellViewModel.swift in Sources */ = {isa = PBXBuildFile; fileRef = EFE0660429D9CEB90096BB2D /* IMDBFilmCollectionViewCellViewModel.swift */; };
/* End PBXBuildFile section */

/* Begin PBXFileReference section */
		EF45BE3C29DC460B0083A2F8 /* IMDBFilmDetailViewController.swift */ = {isa = PBXFileReference; lastKnownFileType = sourcecode.swift; path = IMDBFilmDetailViewController.swift; sourceTree = "<group>"; };
		EF45BE3E29DC465B0083A2F8 /* IMDBFilmDetailView.swift */ = {isa = PBXFileReference; lastKnownFileType = sourcecode.swift; path = IMDBFilmDetailView.swift; sourceTree = "<group>"; };
		EF45BE4029DC466B0083A2F8 /* IMDBFilmDetailViewViewModel.swift */ = {isa = PBXFileReference; lastKnownFileType = sourcecode.swift; path = IMDBFilmDetailViewViewModel.swift; sourceTree = "<group>"; };
		EFE065C729D8ABEB0096BB2D /* IMDBTop100MVVM.app */ = {isa = PBXFileReference; explicitFileType = wrapper.application; includeInIndex = 0; path = IMDBTop100MVVM.app; sourceTree = BUILT_PRODUCTS_DIR; };
		EFE065CA29D8ABEB0096BB2D /* AppDelegate.swift */ = {isa = PBXFileReference; lastKnownFileType = sourcecode.swift; path = AppDelegate.swift; sourceTree = "<group>"; };
		EFE065CC29D8ABEB0096BB2D /* SceneDelegate.swift */ = {isa = PBXFileReference; lastKnownFileType = sourcecode.swift; path = SceneDelegate.swift; sourceTree = "<group>"; };
		EFE065CE29D8ABEB0096BB2D /* IMDBFilmListView.swift */ = {isa = PBXFileReference; lastKnownFileType = sourcecode.swift; path = IMDBFilmListView.swift; sourceTree = "<group>"; };
		EFE065D329D8ABED0096BB2D /* Assets.xcassets */ = {isa = PBXFileReference; lastKnownFileType = folder.assetcatalog; path = Assets.xcassets; sourceTree = "<group>"; };
		EFE065D629D8ABED0096BB2D /* Base */ = {isa = PBXFileReference; lastKnownFileType = file.storyboard; name = Base; path = Base.lproj/LaunchScreen.storyboard; sourceTree = "<group>"; };
		EFE065D829D8ABED0096BB2D /* Info.plist */ = {isa = PBXFileReference; lastKnownFileType = text.plist.xml; path = Info.plist; sourceTree = "<group>"; };
		EFE065E229D8C4130096BB2D /* IMDBRequest.swift */ = {isa = PBXFileReference; lastKnownFileType = sourcecode.swift; path = IMDBRequest.swift; sourceTree = "<group>"; };
		EFE065E429D8C6130096BB2D /* IMDBFilmModel.swift */ = {isa = PBXFileReference; lastKnownFileType = sourcecode.swift; path = IMDBFilmModel.swift; sourceTree = "<group>"; };
		EFE065E829D8ECCF0096BB2D /* Constant.swift */ = {isa = PBXFileReference; lastKnownFileType = sourcecode.swift; path = Constant.swift; sourceTree = "<group>"; };
		EFE065EA29D8ECD80096BB2D /* ServiceConstant.swift */ = {isa = PBXFileReference; lastKnownFileType = sourcecode.swift; path = ServiceConstant.swift; sourceTree = "<group>"; };
		EFE065F329D900AB0096BB2D /* IMDBFilmListViewViewModel.swift */ = {isa = PBXFileReference; lastKnownFileType = sourcecode.swift; path = IMDBFilmListViewViewModel.swift; sourceTree = "<group>"; };
		EFE065FD29D9C1CC0096BB2D /* UIView+Extension.swift */ = {isa = PBXFileReference; lastKnownFileType = sourcecode.swift; path = "UIView+Extension.swift"; sourceTree = "<group>"; };
		EFE0660029D9C5A20096BB2D /* IMDBFilmListViewController.swift */ = {isa = PBXFileReference; lastKnownFileType = sourcecode.swift; path = IMDBFilmListViewController.swift; sourceTree = "<group>"; };
		EFE0660229D9C9B10096BB2D /* IMDBFilmCollectionViewCell.swift */ = {isa = PBXFileReference; lastKnownFileType = sourcecode.swift; path = IMDBFilmCollectionViewCell.swift; sourceTree = "<group>"; };
		EFE0660429D9CEB90096BB2D /* IMDBFilmCollectionViewCellViewModel.swift */ = {isa = PBXFileReference; lastKnownFileType = sourcecode.swift; path = IMDBFilmCollectionViewCellViewModel.swift; sourceTree = "<group>"; };
/* End PBXFileReference section */

/* Begin PBXFrameworksBuildPhase section */
		EFE065C429D8ABEB0096BB2D /* Frameworks */ = {
			isa = PBXFrameworksBuildPhase;
			buildActionMask = 2147483647;
			files = (
				EFE065FA29D901AC0096BB2D /* Kingfisher in Frameworks */,
				EFE065F729D900EA0096BB2D /* SnapKit in Frameworks */,
			);
			runOnlyForDeploymentPostprocessing = 0;
		};
/* End PBXFrameworksBuildPhase section */

/* Begin PBXGroup section */
		EFE065BE29D8ABEB0096BB2D = {
			isa = PBXGroup;
			children = (
				EFE065C929D8ABEB0096BB2D /* IMDBTop100MVVM */,
				EFE065C829D8ABEB0096BB2D /* Products */,
			);
			sourceTree = "<group>";
		};
		EFE065C829D8ABEB0096BB2D /* Products */ = {
			isa = PBXGroup;
			children = (
				EFE065C729D8ABEB0096BB2D /* IMDBTop100MVVM.app */,
			);
			name = Products;
			sourceTree = "<group>";
		};
		EFE065C929D8ABEB0096BB2D /* IMDBTop100MVVM */ = {
			isa = PBXGroup;
			children = (
				EFE065F229D8F2070096BB2D /* Service */,
				EFE065EF29D8F1220096BB2D /* Model */,
				EFE065F129D8F1780096BB2D /* View */,
				EFE065F029D8F1470096BB2D /* ViewModel */,
				EFE065EE29D8F1050096BB2D /* Constant */,
				EFE065FF29D9C3520096BB2D /* Controller */,
				EFE065FC29D9C1B70096BB2D /* Extension */,
				EFE065FB29D9C03C0096BB2D /* Helpers */,
				EFE065EC29D8F0AE0096BB2D /* Support */,
			);
			path = IMDBTop100MVVM;
			sourceTree = "<group>";
		};
		EFE065EC29D8F0AE0096BB2D /* Support */ = {
			isa = PBXGroup;
			children = (
				EFE065CA29D8ABEB0096BB2D /* AppDelegate.swift */,
				EFE065CC29D8ABEB0096BB2D /* SceneDelegate.swift */,
				EFE065D529D8ABED0096BB2D /* LaunchScreen.storyboard */,
				EFE065D329D8ABED0096BB2D /* Assets.xcassets */,
				EFE065D829D8ABED0096BB2D /* Info.plist */,
			);
			path = Support;
			sourceTree = "<group>";
		};
		EFE065EE29D8F1050096BB2D /* Constant */ = {
			isa = PBXGroup;
			children = (
				EFE065E829D8ECCF0096BB2D /* Constant.swift */,
				EFE065EA29D8ECD80096BB2D /* ServiceConstant.swift */,
			);
			path = Constant;
			sourceTree = "<group>";
		};
		EFE065EF29D8F1220096BB2D /* Model */ = {
			isa = PBXGroup;
			children = (
				EFE065E429D8C6130096BB2D /* IMDBFilmModel.swift */,
			);
			path = Model;
			sourceTree = "<group>";
		};
		EFE065F029D8F1470096BB2D /* ViewModel */ = {
			isa = PBXGroup;
			children = (
				EFE065F329D900AB0096BB2D /* IMDBFilmListViewViewModel.swift */,
				EFE0660429D9CEB90096BB2D /* IMDBFilmCollectionViewCellViewModel.swift */,
				EF45BE4029DC466B0083A2F8 /* IMDBFilmDetailViewViewModel.swift */,
			);
			path = ViewModel;
			sourceTree = "<group>";
		};
		EFE065F129D8F1780096BB2D /* View */ = {
			isa = PBXGroup;
			children = (
				EFE065CE29D8ABEB0096BB2D /* IMDBFilmListView.swift */,
				EFE0660229D9C9B10096BB2D /* IMDBFilmCollectionViewCell.swift */,
				EF45BE3E29DC465B0083A2F8 /* IMDBFilmDetailView.swift */,
			);
			path = View;
			sourceTree = "<group>";
		};
		EFE065F229D8F2070096BB2D /* Service */ = {
			isa = PBXGroup;
			children = (
				EFE065E229D8C4130096BB2D /* IMDBRequest.swift */,
			);
			path = Service;
			sourceTree = "<group>";
		};
		EFE065FB29D9C03C0096BB2D /* Helpers */ = {
			isa = PBXGroup;
			children = (
			);
			path = Helpers;
			sourceTree = "<group>";
		};
		EFE065FC29D9C1B70096BB2D /* Extension */ = {
			isa = PBXGroup;
			children = (
				EFE065FD29D9C1CC0096BB2D /* UIView+Extension.swift */,
			);
			path = Extension;
			sourceTree = "<group>";
		};
		EFE065FF29D9C3520096BB2D /* Controller */ = {
			isa = PBXGroup;
			children = (
				EFE0660029D9C5A20096BB2D /* IMDBFilmListViewController.swift */,
				EF45BE3C29DC460B0083A2F8 /* IMDBFilmDetailViewController.swift */,
			);
			path = Controller;
			sourceTree = "<group>";
		};
/* End PBXGroup section */

/* Begin PBXNativeTarget section */
		EFE065C629D8ABEB0096BB2D /* IMDBTop100MVVM */ = {
			isa = PBXNativeTarget;
			buildConfigurationList = EFE065DB29D8ABED0096BB2D /* Build configuration list for PBXNativeTarget "IMDBTop100MVVM" */;
			buildPhases = (
				EFE065C329D8ABEB0096BB2D /* Sources */,
				EFE065C429D8ABEB0096BB2D /* Frameworks */,
				EFE065C529D8ABEB0096BB2D /* Resources */,
			);
			buildRules = (
			);
			dependencies = (
			);
			name = IMDBTop100MVVM;
			packageProductDependencies = (
				EFE065F629D900EA0096BB2D /* SnapKit */,
				EFE065F929D901AC0096BB2D /* Kingfisher */,
			);
			productName = IMDBTop100MVVM;
			productReference = EFE065C729D8ABEB0096BB2D /* IMDBTop100MVVM.app */;
			productType = "com.apple.product-type.application";
		};
/* End PBXNativeTarget section */

/* Begin PBXProject section */
		EFE065BF29D8ABEB0096BB2D /* Project object */ = {
			isa = PBXProject;
			attributes = {
				BuildIndependentTargetsInParallel = 1;
				LastSwiftUpdateCheck = 1420;
				LastUpgradeCheck = 1420;
				TargetAttributes = {
					EFE065C629D8ABEB0096BB2D = {
						CreatedOnToolsVersion = 14.2;
					};
				};
			};
			buildConfigurationList = EFE065C229D8ABEB0096BB2D /* Build configuration list for PBXProject "IMDBTop100MVVM" */;
			compatibilityVersion = "Xcode 14.0";
			developmentRegion = en;
			hasScannedForEncodings = 0;
			knownRegions = (
				en,
				Base,
			);
			mainGroup = EFE065BE29D8ABEB0096BB2D;
			packageReferences = (
				EFE065F529D900EA0096BB2D /* XCRemoteSwiftPackageReference "SnapKit" */,
				EFE065F829D901AC0096BB2D /* XCRemoteSwiftPackageReference "Kingfisher" */,
			);
			productRefGroup = EFE065C829D8ABEB0096BB2D /* Products */;
			projectDirPath = "";
			projectRoot = "";
			targets = (
				EFE065C629D8ABEB0096BB2D /* IMDBTop100MVVM */,
			);
		};
/* End PBXProject section */

/* Begin PBXResourcesBuildPhase section */
		EFE065C529D8ABEB0096BB2D /* Resources */ = {
			isa = PBXResourcesBuildPhase;
			buildActionMask = 2147483647;
			files = (
				EFE065D729D8ABED0096BB2D /* LaunchScreen.storyboard in Resources */,
				EFE065D429D8ABED0096BB2D /* Assets.xcassets in Resources */,
			);
			runOnlyForDeploymentPostprocessing = 0;
		};
/* End PBXResourcesBuildPhase section */

/* Begin PBXSourcesBuildPhase section */
		EFE065C329D8ABEB0096BB2D /* Sources */ = {
			isa = PBXSourcesBuildPhase;
			buildActionMask = 2147483647;
			files = (
				EFE0660129D9C5A20096BB2D /* IMDBFilmListViewController.swift in Sources */,
				EFE065E529D8C6130096BB2D /* IMDBFilmModel.swift in Sources */,
				EFE065F429D900AB0096BB2D /* IMDBFilmListViewViewModel.swift in Sources */,
				EF45BE3D29DC460B0083A2F8 /* IMDBFilmDetailViewController.swift in Sources */,
				EFE065CF29D8ABEB0096BB2D /* IMDBFilmListView.swift in Sources */,
				EFE065FE29D9C1CC0096BB2D /* UIView+Extension.swift in Sources */,
				EFE065E329D8C4130096BB2D /* IMDBRequest.swift in Sources */,
				EF45BE4129DC466B0083A2F8 /* IMDBFilmDetailViewViewModel.swift in Sources */,
				EFE065CB29D8ABEB0096BB2D /* AppDelegate.swift in Sources */,
				EFE0660529D9CEB90096BB2D /* IMDBFilmCollectionViewCellViewModel.swift in Sources */,
				EFE065CD29D8ABEB0096BB2D /* SceneDelegate.swift in Sources */,
				EFE065E929D8ECCF0096BB2D /* Constant.swift in Sources */,
				EF45BE3F29DC465B0083A2F8 /* IMDBFilmDetailView.swift in Sources */,
				EFE0660329D9C9B10096BB2D /* IMDBFilmCollectionViewCell.swift in Sources */,
				EFE065EB29D8ECD80096BB2D /* ServiceConstant.swift in Sources */,
			);
			runOnlyForDeploymentPostprocessing = 0;
		};
/* End PBXSourcesBuildPhase section */

/* Begin PBXVariantGroup section */
		EFE065D529D8ABED0096BB2D /* LaunchScreen.storyboard */ = {
			isa = PBXVariantGroup;
			children = (
				EFE065D629D8ABED0096BB2D /* Base */,
			);
			name = LaunchScreen.storyboard;
			sourceTree = "<group>";
		};
/* End PBXVariantGroup section */

/* Begin XCBuildConfiguration section */
		EFE065D929D8ABED0096BB2D /* Debug */ = {
			isa = XCBuildConfiguration;
			buildSettings = {
				ALWAYS_SEARCH_USER_PATHS = NO;
				CLANG_ANALYZER_NONNULL = YES;
				CLANG_ANALYZER_NUMBER_OBJECT_CONVERSION = YES_AGGRESSIVE;
				CLANG_CXX_LANGUAGE_STANDARD = "gnu++20";
				CLANG_ENABLE_MODULES = YES;
				CLANG_ENABLE_OBJC_ARC = YES;
				CLANG_ENABLE_OBJC_WEAK = YES;
				CLANG_WARN_BLOCK_CAPTURE_AUTORELEASING = YES;
				CLANG_WARN_BOOL_CONVERSION = YES;
				CLANG_WARN_COMMA = YES;
				CLANG_WARN_CONSTANT_CONVERSION = YES;
				CLANG_WARN_DEPRECATED_OBJC_IMPLEMENTATIONS = YES;
				CLANG_WARN_DIRECT_OBJC_ISA_USAGE = YES_ERROR;
				CLANG_WARN_DOCUMENTATION_COMMENTS = YES;
				CLANG_WARN_EMPTY_BODY = YES;
				CLANG_WARN_ENUM_CONVERSION = YES;
				CLANG_WARN_INFINITE_RECURSION = YES;
				CLANG_WARN_INT_CONVERSION = YES;
				CLANG_WARN_NON_LITERAL_NULL_CONVERSION = YES;
				CLANG_WARN_OBJC_IMPLICIT_RETAIN_SELF = YES;
				CLANG_WARN_OBJC_LITERAL_CONVERSION = YES;
				CLANG_WARN_OBJC_ROOT_CLASS = YES_ERROR;
				CLANG_WARN_QUOTED_INCLUDE_IN_FRAMEWORK_HEADER = YES;
				CLANG_WARN_RANGE_LOOP_ANALYSIS = YES;
				CLANG_WARN_STRICT_PROTOTYPES = YES;
				CLANG_WARN_SUSPICIOUS_MOVE = YES;
				CLANG_WARN_UNGUARDED_AVAILABILITY = YES_AGGRESSIVE;
				CLANG_WARN_UNREACHABLE_CODE = YES;
				CLANG_WARN__DUPLICATE_METHOD_MATCH = YES;
				COPY_PHASE_STRIP = NO;
				DEBUG_INFORMATION_FORMAT = dwarf;
				ENABLE_STRICT_OBJC_MSGSEND = YES;
				ENABLE_TESTABILITY = YES;
				GCC_C_LANGUAGE_STANDARD = gnu11;
				GCC_DYNAMIC_NO_PIC = NO;
				GCC_NO_COMMON_BLOCKS = YES;
				GCC_OPTIMIZATION_LEVEL = 0;
				GCC_PREPROCESSOR_DEFINITIONS = (
					"DEBUG=1",
					"$(inherited)",
				);
				GCC_WARN_64_TO_32_BIT_CONVERSION = YES;
				GCC_WARN_ABOUT_RETURN_TYPE = YES_ERROR;
				GCC_WARN_UNDECLARED_SELECTOR = YES;
				GCC_WARN_UNINITIALIZED_AUTOS = YES_AGGRESSIVE;
				GCC_WARN_UNUSED_FUNCTION = YES;
				GCC_WARN_UNUSED_VARIABLE = YES;
				IPHONEOS_DEPLOYMENT_TARGET = 16.2;
				MTL_ENABLE_DEBUG_INFO = INCLUDE_SOURCE;
				MTL_FAST_MATH = YES;
				ONLY_ACTIVE_ARCH = YES;
				SDKROOT = iphoneos;
				SWIFT_ACTIVE_COMPILATION_CONDITIONS = DEBUG;
				SWIFT_OPTIMIZATION_LEVEL = "-Onone";
			};
			name = Debug;
		};
		EFE065DA29D8ABED0096BB2D /* Release */ = {
			isa = XCBuildConfiguration;
			buildSettings = {
				ALWAYS_SEARCH_USER_PATHS = NO;
				CLANG_ANALYZER_NONNULL = YES;
				CLANG_ANALYZER_NUMBER_OBJECT_CONVERSION = YES_AGGRESSIVE;
				CLANG_CXX_LANGUAGE_STANDARD = "gnu++20";
				CLANG_ENABLE_MODULES = YES;
				CLANG_ENABLE_OBJC_ARC = YES;
				CLANG_ENABLE_OBJC_WEAK = YES;
				CLANG_WARN_BLOCK_CAPTURE_AUTORELEASING = YES;
				CLANG_WARN_BOOL_CONVERSION = YES;
				CLANG_WARN_COMMA = YES;
				CLANG_WARN_CONSTANT_CONVERSION = YES;
				CLANG_WARN_DEPRECATED_OBJC_IMPLEMENTATIONS = YES;
				CLANG_WARN_DIRECT_OBJC_ISA_USAGE = YES_ERROR;
				CLANG_WARN_DOCUMENTATION_COMMENTS = YES;
				CLANG_WARN_EMPTY_BODY = YES;
				CLANG_WARN_ENUM_CONVERSION = YES;
				CLANG_WARN_INFINITE_RECURSION = YES;
				CLANG_WARN_INT_CONVERSION = YES;
				CLANG_WARN_NON_LITERAL_NULL_CONVERSION = YES;
				CLANG_WARN_OBJC_IMPLICIT_RETAIN_SELF = YES;
				CLANG_WARN_OBJC_LITERAL_CONVERSION = YES;
				CLANG_WARN_OBJC_ROOT_CLASS = YES_ERROR;
				CLANG_WARN_QUOTED_INCLUDE_IN_FRAMEWORK_HEADER = YES;
				CLANG_WARN_RANGE_LOOP_ANALYSIS = YES;
				CLANG_WARN_STRICT_PROTOTYPES = YES;
				CLANG_WARN_SUSPICIOUS_MOVE = YES;
				CLANG_WARN_UNGUARDED_AVAILABILITY = YES_AGGRESSIVE;
				CLANG_WARN_UNREACHABLE_CODE = YES;
				CLANG_WARN__DUPLICATE_METHOD_MATCH = YES;
				COPY_PHASE_STRIP = NO;
				DEBUG_INFORMATION_FORMAT = "dwarf-with-dsym";
				ENABLE_NS_ASSERTIONS = NO;
				ENABLE_STRICT_OBJC_MSGSEND = YES;
				GCC_C_LANGUAGE_STANDARD = gnu11;
				GCC_NO_COMMON_BLOCKS = YES;
				GCC_WARN_64_TO_32_BIT_CONVERSION = YES;
				GCC_WARN_ABOUT_RETURN_TYPE = YES_ERROR;
				GCC_WARN_UNDECLARED_SELECTOR = YES;
				GCC_WARN_UNINITIALIZED_AUTOS = YES_AGGRESSIVE;
				GCC_WARN_UNUSED_FUNCTION = YES;
				GCC_WARN_UNUSED_VARIABLE = YES;
				IPHONEOS_DEPLOYMENT_TARGET = 16.2;
				MTL_ENABLE_DEBUG_INFO = NO;
				MTL_FAST_MATH = YES;
				SDKROOT = iphoneos;
				SWIFT_COMPILATION_MODE = wholemodule;
				SWIFT_OPTIMIZATION_LEVEL = "-O";
				VALIDATE_PRODUCT = YES;
			};
			name = Release;
		};
		EFE065DC29D8ABED0096BB2D /* Debug */ = {
			isa = XCBuildConfiguration;
			buildSettings = {
				ASSETCATALOG_COMPILER_APPICON_NAME = AppIcon;
				ASSETCATALOG_COMPILER_GLOBAL_ACCENT_COLOR_NAME = AccentColor;
				CODE_SIGN_STYLE = Automatic;
				CURRENT_PROJECT_VERSION = 1;
				DEVELOPMENT_TEAM = Z924NYN8MX;
				GENERATE_INFOPLIST_FILE = YES;
				INFOPLIST_FILE = IMDBTop100MVVM/Support/Info.plist;
				INFOPLIST_KEY_UIApplicationSupportsIndirectInputEvents = YES;
				INFOPLIST_KEY_UILaunchStoryboardName = LaunchScreen;
				INFOPLIST_KEY_UISupportedInterfaceOrientations_iPad = "UIInterfaceOrientationPortrait UIInterfaceOrientationPortraitUpsideDown UIInterfaceOrientationLandscapeLeft UIInterfaceOrientationLandscapeRight";
				INFOPLIST_KEY_UISupportedInterfaceOrientations_iPhone = "UIInterfaceOrientationPortrait UIInterfaceOrientationLandscapeLeft UIInterfaceOrientationLandscapeRight";
				LD_RUNPATH_SEARCH_PATHS = (
					"$(inherited)",
					"@executable_path/Frameworks",
				);
				MARKETING_VERSION = 1.0;
				PRODUCT_BUNDLE_IDENTIFIER = com.aliamanvermez.IMDBTop100MVVM;
				PRODUCT_NAME = "$(TARGET_NAME)";
				SWIFT_EMIT_LOC_STRINGS = YES;
				SWIFT_VERSION = 5.0;
				TARGETED_DEVICE_FAMILY = "1,2";
			};
			name = Debug;
		};
		EFE065DD29D8ABED0096BB2D /* Release */ = {
			isa = XCBuildConfiguration;
			buildSettings = {
				ASSETCATALOG_COMPILER_APPICON_NAME = AppIcon;
				ASSETCATALOG_COMPILER_GLOBAL_ACCENT_COLOR_NAME = AccentColor;
				CODE_SIGN_STYLE = Automatic;
				CURRENT_PROJECT_VERSION = 1;
				DEVELOPMENT_TEAM = Z924NYN8MX;
				GENERATE_INFOPLIST_FILE = YES;
				INFOPLIST_FILE = IMDBTop100MVVM/Support/Info.plist;
				INFOPLIST_KEY_UIApplicationSupportsIndirectInputEvents = YES;
				INFOPLIST_KEY_UILaunchStoryboardName = LaunchScreen;
				INFOPLIST_KEY_UISupportedInterfaceOrientations_iPad = "UIInterfaceOrientationPortrait UIInterfaceOrientationPortraitUpsideDown UIInterfaceOrientationLandscapeLeft UIInterfaceOrientationLandscapeRight";
				INFOPLIST_KEY_UISupportedInterfaceOrientations_iPhone = "UIInterfaceOrientationPortrait UIInterfaceOrientationLandscapeLeft UIInterfaceOrientationLandscapeRight";
				LD_RUNPATH_SEARCH_PATHS = (
					"$(inherited)",
					"@executable_path/Frameworks",
				);
				MARKETING_VERSION = 1.0;
				PRODUCT_BUNDLE_IDENTIFIER = com.aliamanvermez.IMDBTop100MVVM;
				PRODUCT_NAME = "$(TARGET_NAME)";
				SWIFT_EMIT_LOC_STRINGS = YES;
				SWIFT_VERSION = 5.0;
				TARGETED_DEVICE_FAMILY = "1,2";
			};
			name = Release;
		};
/* End XCBuildConfiguration section */

/* Begin XCConfigurationList section */
		EFE065C229D8ABEB0096BB2D /* Build configuration list for PBXProject "IMDBTop100MVVM" */ = {
			isa = XCConfigurationList;
			buildConfigurations = (
				EFE065D929D8ABED0096BB2D /* Debug */,
				EFE065DA29D8ABED0096BB2D /* Release */,
			);
			defaultConfigurationIsVisible = 0;
			defaultConfigurationName = Release;
		};
		EFE065DB29D8ABED0096BB2D /* Build configuration list for PBXNativeTarget "IMDBTop100MVVM" */ = {
			isa = XCConfigurationList;
			buildConfigurations = (
				EFE065DC29D8ABED0096BB2D /* Debug */,
				EFE065DD29D8ABED0096BB2D /* Release */,
			);
			defaultConfigurationIsVisible = 0;
			defaultConfigurationName = Release;
		};
/* End XCConfigurationList section */

/* Begin XCRemoteSwiftPackageReference section */
		EFE065F529D900EA0096BB2D /* XCRemoteSwiftPackageReference "SnapKit" */ = {
			isa = XCRemoteSwiftPackageReference;
			repositoryURL = "https://github.com/SnapKit/SnapKit.git";
			requirement = {
				branch = develop;
				kind = branch;
			};
		};
		EFE065F829D901AC0096BB2D /* XCRemoteSwiftPackageReference "Kingfisher" */ = {
			isa = XCRemoteSwiftPackageReference;
			repositoryURL = "https://github.com/onevcat/Kingfisher.git";
			requirement = {
				kind = upToNextMajorVersion;
				minimumVersion = 7.0.0;
			};
		};
/* End XCRemoteSwiftPackageReference section */

/* Begin XCSwiftPackageProductDependency section */
		EFE065F629D900EA0096BB2D /* SnapKit */ = {
			isa = XCSwiftPackageProductDependency;
			package = EFE065F529D900EA0096BB2D /* XCRemoteSwiftPackageReference "SnapKit" */;
			productName = SnapKit;
		};
		EFE065F929D901AC0096BB2D /* Kingfisher */ = {
			isa = XCSwiftPackageProductDependency;
			package = EFE065F829D901AC0096BB2D /* XCRemoteSwiftPackageReference "Kingfisher" */;
			productName = Kingfisher;
		};
/* End XCSwiftPackageProductDependency section */
	};
	rootObject = EFE065BF29D8ABEB0096BB2D /* Project object */;
}
